
Microsoft Visual Studio Solution File, Format Version 12.00
# Visual Studio 15
Project("{FAE04EC0-301F-11D3-BF4B-00C04F79EFBC}") = "AFPS", "AFPS.csproj", "{F917FF65-0F6F-5B07-5ADE-05D61E94FE80}"
EndProject
Project("{FAE04EC0-301F-11D3-BF4B-00C04F79EFBC}") = "AFPS.Plugins", "AFPS.Plugins.csproj", "{D5821B24-E1A4-ECD8-3366-B8D4765F2B5A}"
EndProject
Project("{FAE04EC0-301F-11D3-BF4B-00C04F79EFBC}") = "AFPS.Editor", "AFPS.Editor.csproj", "{D4BD3838-E772-FF08-1A82-C3277F2A0AAE}"
EndProject
Global
	GlobalSection(SolutionConfigurationPlatforms) = preSolution
		Debug|Any CPU = Debug|Any CPU
		Release|Any CPU = Release|Any CPU
	EndGlobalSection
	GlobalSection(ProjectConfigurationPlatforms) = postSolution
		{F917FF65-0F6F-5B07-5ADE-05D61E94FE80}.Debug|Any CPU.ActiveCfg = Debug|Any CPU
		{F917FF65-0F6F-5B07-5ADE-05D61E94FE80}.Debug|Any CPU.Build.0 = Debug|Any CPU
		{F917FF65-0F6F-5B07-5ADE-05D61E94FE80}.Release|Any CPU.ActiveCfg = Release|Any CPU
		{F917FF65-0F6F-5B07-5ADE-05D61E94FE80}.Release|Any CPU.Build.0 = Release|Any CPU
		{D5821B24-E1A4-ECD8-3366-B8D4765F2B5A}.Debug|Any CPU.ActiveCfg = Debug|Any CPU
		{D5821B24-E1A4-ECD8-3366-B8D4765F2B5A}.Debug|Any CPU.Build.0 = Debug|Any CPU
		{D5821B24-E1A4-ECD8-3366-B8D4765F2B5A}.Release|Any CPU.ActiveCfg = Release|Any CPU
		{D5821B24-E1A4-ECD8-3366-B8D4765F2B5A}.Release|Any CPU.Build.0 = Release|Any CPU
		{D4BD3838-E772-FF08-1A82-C3277F2A0AAE}.Debug|Any CPU.ActiveCfg = Debug|Any CPU
		{D4BD3838-E772-FF08-1A82-C3277F2A0AAE}.Debug|Any CPU.Build.0 = Debug|Any CPU
		{D4BD3838-E772-FF08-1A82-C3277F2A0AAE}.Release|Any CPU.ActiveCfg = Release|Any CPU
		{D4BD3838-E772-FF08-1A82-C3277F2A0AAE}.Release|Any CPU.Build.0 = Release|Any CPU
	EndGlobalSection
	GlobalSection(SolutionProperties) = preSolution
		HideSolutionNode = FALSE
	EndGlobalSection
EndGlobal
